
Microsoft Visual Studio Solution File, Format Version 12.00
# Visual Studio Version 16
VisualStudioVersion = 16.0.31515.178
MinimumVisualStudioVersion = 10.0.40219.1
Project("{9A19103F-16F7-4668-BE54-9A1E7A4F7556}") = "MakingHttpRequest", "MakingHttpRequest.csproj", "{9FA99136-F08B-403A-A6EC-9B4E22C5A81A}"
EndProject
Global
	GlobalSection(SolutionConfigurationPlatforms) = preSolution
		Debug|Any CPU = Debug|Any CPU
		Release|Any CPU = Release|Any CPU
	EndGlobalSection
	GlobalSection(ProjectConfigurationPlatforms) = postSolution
		{9FA99136-F08B-403A-A6EC-9B4E22C5A81A}.Debug|Any CPU.ActiveCfg = Debug|Any CPU
		{9FA99136-F08B-403A-A6EC-9B4E22C5A81A}.Debug|Any CPU.Build.0 = Debug|Any CPU
		{9FA99136-F08B-403A-A6EC-9B4E22C5A81A}.Release|Any CPU.ActiveCfg = Release|Any CPU
		{9FA99136-F08B-403A-A6EC-9B4E22C5A81A}.Release|Any CPU.Build.0 = Release|Any CPU
	EndGlobalSection
	GlobalSection(SolutionProperties) = preSolution
		HideSolutionNode = FALSE
	EndGlobalSection
	GlobalSection(ExtensibilityGlobals) = postSolution
		SolutionGuid = {1CA4628D-B023-43E2-9477-B425C025F8AF}
	EndGlobalSection
EndGlobal
